
Microsoft Visual Studio Solution File, Format Version 12.00
# Visual Studio 15
VisualStudioVersion = 15.0.27130.2026
MinimumVisualStudioVersion = 10.0.40219.1
Project("{FAE04EC0-301F-11D3-BF4B-00C04F79EFBC}") = "Delegates", "Delegates\Delegates.csproj", "{2D665B5E-C5C3-4C32-8FA0-9E51095CDAD9}"
EndProject
Project("{FAE04EC0-301F-11D3-BF4B-00C04F79EFBC}") = "UserControls", "..\UserControls\UserControls.csproj", "{33F81A56-29C8-4398-BDE1-05CA86687EAB}"
EndProject
Project("{FAE04EC0-301F-11D3-BF4B-00C04F79EFBC}") = "Generics", "Generics\Generics.csproj", "{4E7EB804-BBA4-4FD3-BBD4-3D4C6934ACCF}"
	ProjectSection(ProjectDependencies) = postProject
		{33F81A56-29C8-4398-BDE1-05CA86687EAB} = {33F81A56-29C8-4398-BDE1-05CA86687EAB}
	EndProjectSection
EndProject
Global
	GlobalSection(SolutionConfigurationPlatforms) = preSolution
		Debug|Any CPU = Debug|Any CPU
		Release|Any CPU = Release|Any CPU
	EndGlobalSection
	GlobalSection(ProjectConfigurationPlatforms) = postSolution
		{2D665B5E-C5C3-4C32-8FA0-9E51095CDAD9}.Debug|Any CPU.ActiveCfg = Debug|Any CPU
		{2D665B5E-C5C3-4C32-8FA0-9E51095CDAD9}.Debug|Any CPU.Build.0 = Debug|Any CPU
		{2D665B5E-C5C3-4C32-8FA0-9E51095CDAD9}.Release|Any CPU.ActiveCfg = Release|Any CPU
		{2D665B5E-C5C3-4C32-8FA0-9E51095CDAD9}.Release|Any CPU.Build.0 = Release|Any CPU
		{33F81A56-29C8-4398-BDE1-05CA86687EAB}.Debug|Any CPU.ActiveCfg = Debug|Any CPU
		{33F81A56-29C8-4398-BDE1-05CA86687EAB}.Debug|Any CPU.Build.0 = Debug|Any CPU
		{33F81A56-29C8-4398-BDE1-05CA86687EAB}.Release|Any CPU.ActiveCfg = Release|Any CPU
		{33F81A56-29C8-4398-BDE1-05CA86687EAB}.Release|Any CPU.Build.0 = Release|Any CPU
		{4E7EB804-BBA4-4FD3-BBD4-3D4C6934ACCF}.Debug|Any CPU.ActiveCfg = Debug|Any CPU
		{4E7EB804-BBA4-4FD3-BBD4-3D4C6934ACCF}.Debug|Any CPU.Build.0 = Debug|Any CPU
		{4E7EB804-BBA4-4FD3-BBD4-3D4C6934ACCF}.Release|Any CPU.ActiveCfg = Release|Any CPU
		{4E7EB804-BBA4-4FD3-BBD4-3D4C6934ACCF}.Release|Any CPU.Build.0 = Release|Any CPU
	EndGlobalSection
	GlobalSection(SolutionProperties) = preSolution
		HideSolutionNode = FALSE
	EndGlobalSection
	GlobalSection(ExtensibilityGlobals) = postSolution
		SolutionGuid = {D6F3097A-5149-4AFC-A9CE-F0C2BEA6FF6D}
	EndGlobalSection
EndGlobal
